
Microsoft Visual Studio Solution File, Format Version 12.00
# Visual Studio Version 16
VisualStudioVersion = 16.0.30021.99
MinimumVisualStudioVersion = 10.0.40219.1
Project("{FAE04EC0-301F-11D3-BF4B-00C04F79EFBC}") = "Schools Management System", "Schools Management System\Schools Management System.csproj", "{00F801D8-B27F-4320-986C-EE05D4644A26}"
EndProject
Global
	GlobalSection(SolutionConfigurationPlatforms) = preSolution
		Debug|Any CPU = Debug|Any CPU
		Release|Any CPU = Release|Any CPU
	EndGlobalSection
	GlobalSection(ProjectConfigurationPlatforms) = postSolution
		{00F801D8-B27F-4320-986C-EE05D4644A26}.Debug|Any CPU.ActiveCfg = Debug|Any CPU
		{00F801D8-B27F-4320-986C-EE05D4644A26}.Debug|Any CPU.Build.0 = Debug|Any CPU
		{00F801D8-B27F-4320-986C-EE05D4644A26}.Release|Any CPU.ActiveCfg = Release|Any CPU
		{00F801D8-B27F-4320-986C-EE05D4644A26}.Release|Any CPU.Build.0 = Release|Any CPU
	EndGlobalSection
	GlobalSection(SolutionProperties) = preSolution
		HideSolutionNode = FALSE
	EndGlobalSection
	GlobalSection(ExtensibilityGlobals) = postSolution
		SolutionGuid = {59426375-1B6E-4524-9532-7678C43DFC2C}
	EndGlobalSection
EndGlobal
